
Microsoft Visual Studio Solution File, Format Version 12.00
# Visual Studio Version 17
VisualStudioVersion = 17.0.32014.148
MinimumVisualStudioVersion = 10.0.40219.1
Project("{FAE04EC0-301F-11D3-BF4B-00C04F79EFBC}") = "Expiry Management", "Expiry Management\Expiry Management.csproj", "{C44DFBD1-946B-4C4F-A19B-289167CBAED5}"
EndProject
Global
	GlobalSection(SolutionConfigurationPlatforms) = preSolution
		Debug|Any CPU = Debug|Any CPU
		Release|Any CPU = Release|Any CPU
	EndGlobalSection
	GlobalSection(ProjectConfigurationPlatforms) = postSolution
		{C44DFBD1-946B-4C4F-A19B-289167CBAED5}.Debug|Any CPU.ActiveCfg = Debug|Any CPU
		{C44DFBD1-946B-4C4F-A19B-289167CBAED5}.Debug|Any CPU.Build.0 = Debug|Any CPU
		{C44DFBD1-946B-4C4F-A19B-289167CBAED5}.Release|Any CPU.ActiveCfg = Release|Any CPU
		{C44DFBD1-946B-4C4F-A19B-289167CBAED5}.Release|Any CPU.Build.0 = Release|Any CPU
	EndGlobalSection
	GlobalSection(SolutionProperties) = preSolution
		HideSolutionNode = FALSE
	EndGlobalSection
	GlobalSection(ExtensibilityGlobals) = postSolution
		SolutionGuid = {5C5C3441-7AE6-4694-A74C-2092202D98DD}
	EndGlobalSection
EndGlobal
